{
  "nodes": {
    "argononed": {
      "flake": false,
      "locked": {
        "lastModified": 1729566243,
        "narHash": "sha256-DPNI0Dpk5aym3Baf5UbEe5GENDrSmmXVdriRSWE+rgk=",
        "owner": "nvmd",
        "repo": "argononed",
        "rev": "16dbee54d49b66d5654d228d1061246b440ef7cf",
        "type": "github"
      },
      "original": {
        "owner": "nvmd",
        "repo": "argononed",
        "type": "github"
      }
    },
    "argononed_2": {
      "flake": false,
      "locked": {
        "lastModified": 1729566243,
        "narHash": "sha256-DPNI0Dpk5aym3Baf5UbEe5GENDrSmmXVdriRSWE+rgk=",
        "owner": "nvmd",
        "repo": "argononed",
        "rev": "16dbee54d49b66d5654d228d1061246b440ef7cf",
        "type": "github"
      },
      "original": {
        "owner": "nvmd",
        "repo": "argononed",
        "type": "github"
      }
    },
    "dns": {
      "inputs": {
        "nixpkgs": [
          "nixpkgs"
        ],
        "provisioning": [
          "provisioning"
        ]
      },
      "locked": {
        "path": "./nix/dns",
        "type": "path"
      },
      "original": {
        "path": "./nix/dns",
        "type": "path"
      },
      "parent": []
    },
    "dns_2": {
      "inputs": {
        "nixpkgs": [
          "v016Payload",
          "nixpkgs"
        ],
        "provisioning": [
          "v016Payload",
          "provisioning"
        ]
      },
      "locked": {
        "path": "./nix/dns",
        "type": "path"
      },
      "original": {
        "path": "./nix/dns",
        "type": "path"
      },
      "parent": [
        "v016Payload"
      ]
    },
    "flake-compat": {
      "locked": {
        "lastModified": 1767039857,
        "narHash": "sha256-vNpUSpF5Nuw8xvDLj2KCwwksIbjua2LZCqhV1LNRDns=",
        "owner": "edolstra",
        "repo": "flake-compat",
        "rev": "5edf11c44bc78a0d334f6334cdaf7d60d732daab",
        "type": "github"
      },
      "original": {
        "owner": "edolstra",
        "repo": "flake-compat",
        "type": "github"
      }
    },
    "flake-compat_2": {
      "locked": {
        "lastModified": 1767039857,
        "narHash": "sha256-vNpUSpF5Nuw8xvDLj2KCwwksIbjua2LZCqhV1LNRDns=",
        "owner": "edolstra",
        "repo": "flake-compat",
        "rev": "5edf11c44bc78a0d334f6334cdaf7d60d732daab",
        "type": "github"
      },
      "original": {
        "owner": "edolstra",
        "repo": "flake-compat",
        "type": "github"
      }
    },
    "nixos-images": {
      "inputs": {
        "nixos-stable": [
          "nixos-raspberrypi",
          "nixpkgs"
        ],
        "nixos-unstable": [
          "nixos-raspberrypi",
          "nixpkgs"
        ]
      },
      "locked": {
        "lastModified": 1747747741,
        "narHash": "sha256-LUOH27unNWbGTvZFitHonraNx0JF/55h30r9WxqrznM=",
        "owner": "nvmd",
        "repo": "nixos-images",
        "rev": "cbbd6db325775096680b65e2a32fb6187c09bbb4",
        "type": "github"
      },
      "original": {
        "owner": "nvmd",
        "ref": "sdimage-installer",
        "repo": "nixos-images",
        "type": "github"
      }
    },
    "nixos-images_2": {
      "inputs": {
        "nixos-stable": [
          "v016Payload",
          "nixos-raspberrypi",
          "nixpkgs"
        ],
        "nixos-unstable": [
          "v016Payload",
          "nixos-raspberrypi",
          "nixpkgs"
        ]
      },
      "locked": {
        "lastModified": 1747747741,
        "narHash": "sha256-LUOH27unNWbGTvZFitHonraNx0JF/55h30r9WxqrznM=",
        "owner": "nvmd",
        "repo": "nixos-images",
        "rev": "cbbd6db325775096680b65e2a32fb6187c09bbb4",
        "type": "github"
      },
      "original": {
        "owner": "nvmd",
        "ref": "sdimage-installer",
        "repo": "nixos-images",
        "type": "github"
      }
    },
    "nixos-raspberrypi": {
      "inputs": {
        "argononed": "argononed",
        "flake-compat": "flake-compat",
        "nixos-images": "nixos-images",
        "nixpkgs": "nixpkgs"
      },
      "locked": {
        "lastModified": 1786777496,
        "narHash": "sha256-rR94nd2Ls9HfLd3i6nrtux6+J6lgGHr13o/QplHex00=",
        "owner": "ams-tech",
        "repo": "nixos-raspberrypi",
        "rev": "24b786fc4750abcce26eb8fc5e9e58632e358ad2",
        "type": "github"
      },
      "original": {
        "owner": "ams-tech",
        "repo": "nixos-raspberrypi",
        "rev": "24b786fc4750abcce26eb8fc5e9e58632e358ad2",
        "type": "github"
      }
    },
    "nixos-raspberrypi_2": {
      "inputs": {
        "argononed": "argononed_2",
        "flake-compat": "flake-compat_2",
        "nixos-images": "nixos-images_2",
        "nixpkgs": "nixpkgs_3"
      },
      "locked": {
        "lastModified": 1786777496,
        "narHash": "sha256-rR94nd2Ls9HfLd3i6nrtux6+J6lgGHr13o/QplHex00=",
        "owner": "ams-tech",
        "repo": "nixos-raspberrypi",
        "rev": "24b786fc4750abcce26eb8fc5e9e58632e358ad2",
        "type": "github"
      },
      "original": {
        "owner": "ams-tech",
        "repo": "nixos-raspberrypi",
        "rev": "24b786fc4750abcce26eb8fc5e9e58632e358ad2",
        "type": "github"
      }
    },
    "nixpkgs": {
      "locked": {
        "lastModified": 1786089803,
        "narHash": "sha256-ZuvZfVW2tB5tXYEcpcfhVXB3N4OhdZLOqOviy4OD4b4=",
        "owner": "NixOS",
        "repo": "nixpkgs",
        "rev": "ee48b147c18c7de1e6ec97dc74792be42724bed1",
        "type": "github"
      },
      "original": {
        "owner": "NixOS",
        "ref": "nixos-26.05",
        "repo": "nixpkgs",
        "type": "github"
      }
    },
    "nixpkgs_2": {
      "locked": {
        "lastModified": 1785975029,
        "narHash": "sha256-X44cn5rzytELc3NNoQsh0aLkjWA/QzPfc6HPQmsG3sU=",
        "owner": "NixOS",
        "repo": "nixpkgs",
        "rev": "70ce234312134a463ba7728e94da2486a1d237ac",
        "type": "github"
      },
      "original": {
        "owner": "NixOS",
        "repo": "nixpkgs",
        "rev": "70ce234312134a463ba7728e94da2486a1d237ac",
        "type": "github"
      }
    },
    "nixpkgs_3": {
      "locked": {
        "lastModified": 1786089803,
        "narHash": "sha256-ZuvZfVW2tB5tXYEcpcfhVXB3N4OhdZLOqOviy4OD4b4=",
        "owner": "NixOS",
        "repo": "nixpkgs",
        "rev": "ee48b147c18c7de1e6ec97dc74792be42724bed1",
        "type": "github"
      },
      "original": {
        "owner": "NixOS",
        "ref": "nixos-26.05",
        "repo": "nixpkgs",
        "type": "github"
      }
    },
    "nixpkgs_4": {
      "locked": {
        "lastModified": 1785975029,
        "narHash": "sha256-X44cn5rzytELc3NNoQsh0aLkjWA/QzPfc6HPQmsG3sU=",
        "owner": "NixOS",
        "repo": "nixpkgs",
        "rev": "70ce234312134a463ba7728e94da2486a1d237ac",
        "type": "github"
      },
      "original": {
        "owner": "NixOS",
        "repo": "nixpkgs",
        "rev": "70ce234312134a463ba7728e94da2486a1d237ac",
        "type": "github"
      }
    },
    "provisioning": {
      "inputs": {
        "nixpkgs": [
          "nixpkgs"
        ]
      },
      "locked": {
        "lastModified": 1788826388,
        "narHash": "sha256-ZdEIp7ceB3EBBS68sKV3Yqm3MSZbLt1055f+DoYeVtA=",
        "owner": "PseudoDesign",
        "repo": "kaiba-provisioning",
        "rev": "043800811031e5a29bc7df8fc52731231a8e382f",
        "type": "github"
      },
      "original": {
        "owner": "PseudoDesign",
        "repo": "kaiba-provisioning",
        "type": "github"
      }
    },
    "provisioning_2": {
      "inputs": {
        "nixpkgs": [
          "v016Payload",
          "nixpkgs"
        ]
      },
      "locked": {
        "path": "./nix/provisioning",
        "type": "path"
      },
      "original": {
        "path": "./nix/provisioning",
        "type": "path"
      },
      "parent": [
        "v016Payload"
      ]
    },
    "provisioning_3": {
      "inputs": {
        "nixpkgs": [
          "v017Recovery",
          "nixpkgs"
        ]
      },
      "locked": {
        "path": "./nix/provisioning",
        "type": "path"
      },
      "original": {
        "path": "./nix/provisioning",
        "type": "path"
      },
      "parent": [
        "v017Recovery"
      ]
    },
    "root": {
      "inputs": {
        "dns": "dns",
        "nixos-raspberrypi": "nixos-raspberrypi",
        "nixpkgs": "nixpkgs_2",
        "provisioning": "provisioning",
        "v016Payload": "v016Payload",
        "v017Recovery": "v017Recovery"
      }
    },
    "v016Payload": {
      "inputs": {
        "dns": "dns_2",
        "nixos-raspberrypi": "nixos-raspberrypi_2",
        "nixpkgs": "nixpkgs_4",
        "provisioning": "provisioning_2"
      },
      "locked": {
        "lastModified": 1788139772,
        "narHash": "sha256-xeVa4z3QBllB8wYB/1vI1KJRFARi+/j55GlwLCdFGGM=",
        "owner": "ams-tech",
        "repo": "nixos-kaiba-network",
        "rev": "8e9f1d5cd97ff46d8b56b1128251ca70b7fec598",
        "type": "github"
      },
      "original": {
        "owner": "ams-tech",
        "repo": "nixos-kaiba-network",
        "rev": "8e9f1d5cd97ff46d8b56b1128251ca70b7fec598",
        "type": "github"
      }
    },
    "v017Recovery": {
      "inputs": {
        "dns": [
          "dns"
        ],
        "nixos-raspberrypi": [
          "nixos-raspberrypi"
        ],
        "nixpkgs": [
          "nixpkgs"
        ],
        "provisioning": "provisioning_3"
      },
      "locked": {
        "lastModified": 1788235204,
        "narHash": "sha256-UdIE8NuTBuX6tk2DTUo3g3uzso7VIZ5FePhNlnKACvk=",
        "owner": "ams-tech",
        "repo": "nixos-kaiba-network",
        "rev": "e9925a3b2c080c67cec624e8ccae3dd17276fb75",
        "type": "github"
      },
      "original": {
        "owner": "ams-tech",
        "repo": "nixos-kaiba-network",
        "rev": "e9925a3b2c080c67cec624e8ccae3dd17276fb75",
        "type": "github"
      }
    }
  },
  "root": "root",
  "version": 7
}
