{
  "nodes": {
    "nixpkgs": {
      "locked": {
        "lastModified": 1785975029,
        "narHash": "sha256-X44cn5rzytELc3NNoQsh0aLkjWA/QzPfc6HPQmsG3sU=",
        "owner": "NixOS",
        "repo": "nixpkgs",
        "rev": "70ce234312134a463ba7728e94da2486a1d237ac",
        "type": "github"
      },
      "original": {
        "owner": "NixOS",
        "repo": "nixpkgs",
        "rev": "70ce234312134a463ba7728e94da2486a1d237ac",
        "type": "github"
      }
    },
    "provisioning": {
      "inputs": {
        "nixpkgs": [
          "nixpkgs"
        ]
      },
      "locked": {
        "lastModified": 1788825359,
        "narHash": "sha256-x9TfRIBAEmT4yQhbS14FpJCiKjcz/1ijHLYq/F/ZUok=",
        "owner": "PseudoDesign",
        "repo": "kaiba-provisioning",
        "rev": "a28b09d03a9f76ec5f806aa971c13aed810aa006",
        "type": "github"
      },
      "original": {
        "owner": "PseudoDesign",
        "repo": "kaiba-provisioning",
        "type": "github"
      }
    },
    "root": {
      "inputs": {
        "nixpkgs": "nixpkgs",
        "provisioning": "provisioning"
      }
    }
  },
  "root": "root",
  "version": 7
}
