{
  "nodes": {
    "nixpkgs": {
      "locked": {
        "lastModified": 1785975029,
        "narHash": "sha256-X44cn5rzytELc3NNoQsh0aLkjWA/QzPfc6HPQmsG3sU=",
        "owner": "NixOS",
        "repo": "nixpkgs",
        "rev": "70ce234312134a463ba7728e94da2486a1d237ac",
        "type": "github"
      },
      "original": {
        "owner": "NixOS",
        "repo": "nixpkgs",
        "rev": "70ce234312134a463ba7728e94da2486a1d237ac",
        "type": "github"
      }
    },
    "provisioning": {
      "inputs": {
        "nixpkgs": [
          "nixpkgs"
        ]
      },
      "locked": {
        "lastModified": 1788826388,
        "narHash": "sha256-ZdEIp7ceB3EBBS68sKV3Yqm3MSZbLt1055f+DoYeVtA=",
        "owner": "PseudoDesign",
        "repo": "kaiba-provisioning",
        "rev": "043800811031e5a29bc7df8fc52731231a8e382f",
        "type": "github"
      },
      "original": {
        "owner": "PseudoDesign",
        "repo": "kaiba-provisioning",
        "type": "github"
      }
    },
    "root": {
      "inputs": {
        "nixpkgs": "nixpkgs",
        "provisioning": "provisioning"
      }
    }
  },
  "root": "root",
  "version": 7
}
